
Microsoft Visual Studio Solution File, Format Version 12.00
# Visual Studio Version 17
VisualStudioVersion = 17.13.35931.197
MinimumVisualStudioVersion = 10.0.40219.1
Project("{FAE04EC0-301F-11D3-BF4B-00C04F79EFBC}") = "AITrader", "AITrader.csproj", "{308CFCDC-5F01-DEE7-DF58-05A062D30953}"
EndProject
Global
	GlobalSection(SolutionConfigurationPlatforms) = preSolution
		Debug|Any CPU = Debug|Any CPU
		Release|Any CPU = Release|Any CPU
	EndGlobalSection
	GlobalSection(ProjectConfigurationPlatforms) = postSolution
		{308CFCDC-5F01-DEE7-DF58-05A062D30953}.Debug|Any CPU.ActiveCfg = Debug|Any CPU
		{308CFCDC-5F01-DEE7-DF58-05A062D30953}.Debug|Any CPU.Build.0 = Debug|Any CPU
		{308CFCDC-5F01-DEE7-DF58-05A062D30953}.Release|Any CPU.ActiveCfg = Release|Any CPU
		{308CFCDC-5F01-DEE7-DF58-05A062D30953}.Release|Any CPU.Build.0 = Release|Any CPU
	EndGlobalSection
	GlobalSection(SolutionProperties) = preSolution
		HideSolutionNode = FALSE
	EndGlobalSection
	GlobalSection(ExtensibilityGlobals) = postSolution
		SolutionGuid = {8D377D61-87A3-4295-8407-4A66078ED515}
	EndGlobalSection
EndGlobal
